
Microsoft Visual Studio Solution File, Format Version 12.00
# Visual Studio Version 17
VisualStudioVersion = 17.3.32922.545
MinimumVisualStudioVersion = 10.0.40219.1
Project("{FAE04EC0-301F-11D3-BF4B-00C04F79EFBC}") = "PC_JAWA_BARAT", "PC_JAWA_BARAT\PC_JAWA_BARAT.csproj", "{56277CC9-A9C8-44B8-A1FC-B5F01A69345D}"
EndProject
Global
	GlobalSection(SolutionConfigurationPlatforms) = preSolution
		Debug|Any CPU = Debug|Any CPU
		Release|Any CPU = Release|Any CPU
	EndGlobalSection
	GlobalSection(ProjectConfigurationPlatforms) = postSolution
		{56277CC9-A9C8-44B8-A1FC-B5F01A69345D}.Debug|Any CPU.ActiveCfg = Debug|Any CPU
		{56277CC9-A9C8-44B8-A1FC-B5F01A69345D}.Debug|Any CPU.Build.0 = Debug|Any CPU
		{56277CC9-A9C8-44B8-A1FC-B5F01A69345D}.Release|Any CPU.ActiveCfg = Release|Any CPU
		{56277CC9-A9C8-44B8-A1FC-B5F01A69345D}.Release|Any CPU.Build.0 = Release|Any CPU
	EndGlobalSection
	GlobalSection(SolutionProperties) = preSolution
		HideSolutionNode = FALSE
	EndGlobalSection
	GlobalSection(ExtensibilityGlobals) = postSolution
		SolutionGuid = {736D6A2A-AC06-4078-BF1A-E1AE83D4C86A}
	EndGlobalSection
EndGlobal
